// !$*UTF8*$!
{
	archiveVersion = 1;
	classes = {
	};
	objectVersion = 46;
	objects = {

/* Begin PBXBuildFile section */
		6E1CE2CD19B428210085FF19 /* ImageCollectionViewCell.swift in Sources */ = {isa = PBXBuildFile; fileRef = 6E1CE2CB19B428210085FF19 /* ImageCollectionViewCell.swift */; };
		6E1CE2DC19B516E80085FF19 /* RACollectionViewReorderableTripletLayout.m in Sources */ = {isa = PBXBuildFile; fileRef = 6E1CE2D919B516E80085FF19 /* RACollectionViewReorderableTripletLayout.m */; };
		6E1CE2DD19B516E80085FF19 /* RACollectionViewTripletLayout.m in Sources */ = {isa = PBXBuildFile; fileRef = 6E1CE2DB19B516E80085FF19 /* RACollectionViewTripletLayout.m */; };
		6E1CE2F319B525A00085FF19 /* 1.jpg in Resources */ = {isa = PBXBuildFile; fileRef = 6E1CE2DF19B525A00085FF19 /* 1.jpg */; };
		6E1CE2F419B525A00085FF19 /* 2.jpg in Resources */ = {isa = PBXBuildFile; fileRef = 6E1CE2E019B525A00085FF19 /* 2.jpg */; };
		6E1CE2F519B525A00085FF19 /* 3.jpg in Resources */ = {isa = PBXBuildFile; fileRef = 6E1CE2E119B525A00085FF19 /* 3.jpg */; };
		6E1CE2F619B525A00085FF19 /* 4.jpg in Resources */ = {isa = PBXBuildFile; fileRef = 6E1CE2E219B525A00085FF19 /* 4.jpg */; };
		6E1CE2F719B525A00085FF19 /* 5.jpg in Resources */ = {isa = PBXBuildFile; fileRef = 6E1CE2E319B525A00085FF19 /* 5.jpg */; };
		6E1CE2F819B525A00085FF19 /* 6.jpg in Resources */ = {isa = PBXBuildFile; fileRef = 6E1CE2E419B525A00085FF19 /* 6.jpg */; };
		6E1CE2F919B525A00085FF19 /* 7.jpg in Resources */ = {isa = PBXBuildFile; fileRef = 6E1CE2E519B525A00085FF19 /* 7.jpg */; };
		6E1CE2FA19B525A00085FF19 /* 8.jpg in Resources */ = {isa = PBXBuildFile; fileRef = 6E1CE2E619B525A00085FF19 /* 8.jpg */; };
		6E1CE2FB19B525A00085FF19 /* 9.jpg in Resources */ = {isa = PBXBuildFile; fileRef = 6E1CE2E719B525A00085FF19 /* 9.jpg */; };
		6E1CE2FC19B525A00085FF19 /* 10.jpg in Resources */ = {isa = PBXBuildFile; fileRef = 6E1CE2E819B525A00085FF19 /* 10.jpg */; };
		6E1CE2FD19B525A00085FF19 /* 11.jpg in Resources */ = {isa = PBXBuildFile; fileRef = 6E1CE2E919B525A00085FF19 /* 11.jpg */; };
		6E1CE2FE19B525A00085FF19 /* 12.jpg in Resources */ = {isa = PBXBuildFile; fileRef = 6E1CE2EA19B525A00085FF19 /* 12.jpg */; };
		6E1CE2FF19B525A00085FF19 /* 13.jpg in Resources */ = {isa = PBXBuildFile; fileRef = 6E1CE2EB19B525A00085FF19 /* 13.jpg */; };
		6E1CE30019B525A00085FF19 /* 14.jpg in Resources */ = {isa = PBXBuildFile; fileRef = 6E1CE2EC19B525A00085FF19 /* 14.jpg */; };
		6E1CE30119B525A00085FF19 /* 15.jpg in Resources */ = {isa = PBXBuildFile; fileRef = 6E1CE2ED19B525A00085FF19 /* 15.jpg */; };
		6E1CE30219B525A00085FF19 /* 16.jpg in Resources */ = {isa = PBXBuildFile; fileRef = 6E1CE2EE19B525A00085FF19 /* 16.jpg */; };
		6E1CE30319B525A00085FF19 /* 17.jpg in Resources */ = {isa = PBXBuildFile; fileRef = 6E1CE2EF19B525A00085FF19 /* 17.jpg */; };
		6E1CE30419B525A00085FF19 /* 18.jpg in Resources */ = {isa = PBXBuildFile; fileRef = 6E1CE2F019B525A00085FF19 /* 18.jpg */; };
		6E1CE30519B525A00085FF19 /* 19.jpg in Resources */ = {isa = PBXBuildFile; fileRef = 6E1CE2F119B525A00085FF19 /* 19.jpg */; };
		6E1CE30619B525A00085FF19 /* 20.jpg in Resources */ = {isa = PBXBuildFile; fileRef = 6E1CE2F219B525A00085FF19 /* 20.jpg */; };
		6E1CE30819B6ADED0085FF19 /* AnnotateViewController.swift in Sources */ = {isa = PBXBuildFile; fileRef = 6E1CE30719B6ADED0085FF19 /* AnnotateViewController.swift */; };
		6E1CE30A19B83BCD0085FF19 /* Frame.swift in Sources */ = {isa = PBXBuildFile; fileRef = 6E1CE30919B83BCD0085FF19 /* Frame.swift */; };
		6E1CE30C19B83BCE0085FF19 /* FrameSet.swift in Sources */ = {isa = PBXBuildFile; fileRef = 6E1CE30B19B83BCE0085FF19 /* FrameSet.swift */; };
		6E3A3B0F19AEE3B40023499C /* CollectionViewController.swift in Sources */ = {isa = PBXBuildFile; fileRef = 6E3A3B0E19AEE3B40023499C /* CollectionViewController.swift */; };
		6E7CB2C519DA2CB000C3CEB0 /* LXReorderableCollectionViewFlowLayout.m in Sources */ = {isa = PBXBuildFile; fileRef = 6E7CB2C419DA2CB000C3CEB0 /* LXReorderableCollectionViewFlowLayout.m */; };
		6EC03D8419A66669006CB2E2 /* AppDelegate.swift in Sources */ = {isa = PBXBuildFile; fileRef = 6EC03D8319A66669006CB2E2 /* AppDelegate.swift */; };
		6EC03D8719A66669006CB2E2 /* Spotter.xcdatamodeld in Sources */ = {isa = PBXBuildFile; fileRef = 6EC03D8519A66669006CB2E2 /* Spotter.xcdatamodeld */; };
		6EC03D8919A66669006CB2E2 /* CaptureViewController.swift in Sources */ = {isa = PBXBuildFile; fileRef = 6EC03D8819A66669006CB2E2 /* CaptureViewController.swift */; };
		6EC03D8C19A66669006CB2E2 /* Main.storyboard in Resources */ = {isa = PBXBuildFile; fileRef = 6EC03D8A19A66669006CB2E2 /* Main.storyboard */; };
		6EC03D8E19A66669006CB2E2 /* Images.xcassets in Resources */ = {isa = PBXBuildFile; fileRef = 6EC03D8D19A66669006CB2E2 /* Images.xcassets */; };
		6EC03D9A19A6666A006CB2E2 /* SpotterTests.swift in Sources */ = {isa = PBXBuildFile; fileRef = 6EC03D9919A6666A006CB2E2 /* SpotterTests.swift */; };
		6EE0135119C2185A00152F7E /* PreviewViewController.swift in Sources */ = {isa = PBXBuildFile; fileRef = 6EE0135019C2185A00152F7E /* PreviewViewController.swift */; };
		6EE0135319C27CF900152F7E /* PublishViewController.swift in Sources */ = {isa = PBXBuildFile; fileRef = 6EE0135219C27CF900152F7E /* PublishViewController.swift */; };
		6EE0135519C52ED200152F7E /* DraggableImageView.swift in Sources */ = {isa = PBXBuildFile; fileRef = 6EE0135419C52ED200152F7E /* DraggableImageView.swift */; };
		6EE0135719C6407700152F7E /* CaptureSessionManager.swift in Sources */ = {isa = PBXBuildFile; fileRef = 6EE0135619C6407700152F7E /* CaptureSessionManager.swift */; };
		6EE0135919C64BD000152F7E /* AVFoundation.framework in Frameworks */ = {isa = PBXBuildFile; fileRef = 6EE0135819C64BD000152F7E /* AVFoundation.framework */; };
		6EE0136119C82D3600152F7E /* SimpleTableViewCell.swift in Sources */ = {isa = PBXBuildFile; fileRef = 6EE0135F19C82D3600152F7E /* SimpleTableViewCell.swift */; };
/* End PBXBuildFile section */

/* Begin PBXContainerItemProxy section */
		6EC03D9419A6666A006CB2E2 /* PBXContainerItemProxy */ = {
			isa = PBXContainerItemProxy;
			containerPortal = 6EC03D7619A66669006CB2E2 /* Project object */;
			proxyType = 1;
			remoteGlobalIDString = 6EC03D7D19A66669006CB2E2;
			remoteInfo = Spotter;
		};
/* End PBXContainerItemProxy section */

/* Begin PBXFileReference section */
		6E1CE2CB19B428210085FF19 /* ImageCollectionViewCell.swift */ = {isa = PBXFileReference; fileEncoding = 4; lastKnownFileType = sourcecode.swift; path = ImageCollectionViewCell.swift; sourceTree = "<group>"; };
		6E1CE2D419B516230085FF19 /* Spotter-Bridging-Header.h */ = {isa = PBXFileReference; lastKnownFileType = sourcecode.c.h; path = "Spotter-Bridging-Header.h"; sourceTree = "<group>"; };
		6E1CE2D819B516E80085FF19 /* RACollectionViewReorderableTripletLayout.h */ = {isa = PBXFileReference; fileEncoding = 4; lastKnownFileType = sourcecode.c.h; path = RACollectionViewReorderableTripletLayout.h; sourceTree = "<group>"; };
		6E1CE2D919B516E80085FF19 /* RACollectionViewReorderableTripletLayout.m */ = {isa = PBXFileReference; fileEncoding = 4; lastKnownFileType = sourcecode.c.objc; path = RACollectionViewReorderableTripletLayout.m; sourceTree = "<group>"; };
		6E1CE2DA19B516E80085FF19 /* RACollectionViewTripletLayout.h */ = {isa = PBXFileReference; fileEncoding = 4; lastKnownFileType = sourcecode.c.h; path = RACollectionViewTripletLayout.h; sourceTree = "<group>"; };
		6E1CE2DB19B516E80085FF19 /* RACollectionViewTripletLayout.m */ = {isa = PBXFileReference; fileEncoding = 4; lastKnownFileType = sourcecode.c.objc; path = RACollectionViewTripletLayout.m; sourceTree = "<group>"; };
		6E1CE2DF19B525A00085FF19 /* 1.jpg */ = {isa = PBXFileReference; lastKnownFileType = image.jpeg; path = 1.jpg; sourceTree = "<group>"; };
		6E1CE2E019B525A00085FF19 /* 2.jpg */ = {isa = PBXFileReference; lastKnownFileType = image.jpeg; path = 2.jpg; sourceTree = "<group>"; };
		6E1CE2E119B525A00085FF19 /* 3.jpg */ = {isa = PBXFileReference; lastKnownFileType = image.jpeg; path = 3.jpg; sourceTree = "<group>"; };
		6E1CE2E219B525A00085FF19 /* 4.jpg */ = {isa = PBXFileReference; lastKnownFileType = image.jpeg; path = 4.jpg; sourceTree = "<group>"; };
		6E1CE2E319B525A00085FF19 /* 5.jpg */ = {isa = PBXFileReference; lastKnownFileType = image.jpeg; path = 5.jpg; sourceTree = "<group>"; };
		6E1CE2E419B525A00085FF19 /* 6.jpg */ = {isa = PBXFileReference; lastKnownFileType = image.jpeg; path = 6.jpg; sourceTree = "<group>"; };
		6E1CE2E519B525A00085FF19 /* 7.jpg */ = {isa = PBXFileReference; lastKnownFileType = image.jpeg; path = 7.jpg; sourceTree = "<group>"; };
		6E1CE2E619B525A00085FF19 /* 8.jpg */ = {isa = PBXFileReference; lastKnownFileType = image.jpeg; path = 8.jpg; sourceTree = "<group>"; };
		6E1CE2E719B525A00085FF19 /* 9.jpg */ = {isa = PBXFileReference; lastKnownFileType = image.jpeg; path = 9.jpg; sourceTree = "<group>"; };
		6E1CE2E819B525A00085FF19 /* 10.jpg */ = {isa = PBXFileReference; lastKnownFileType = image.jpeg; path = 10.jpg; sourceTree = "<group>"; };
		6E1CE2E919B525A00085FF19 /* 11.jpg */ = {isa = PBXFileReference; lastKnownFileType = image.jpeg; path = 11.jpg; sourceTree = "<group>"; };
		6E1CE2EA19B525A00085FF19 /* 12.jpg */ = {isa = PBXFileReference; lastKnownFileType = image.jpeg; path = 12.jpg; sourceTree = "<group>"; };
		6E1CE2EB19B525A00085FF19 /* 13.jpg */ = {isa = PBXFileReference; lastKnownFileType = image.jpeg; path = 13.jpg; sourceTree = "<group>"; };
		6E1CE2EC19B525A00085FF19 /* 14.jpg */ = {isa = PBXFileReference; lastKnownFileType = image.jpeg; path = 14.jpg; sourceTree = "<group>"; };
		6E1CE2ED19B525A00085FF19 /* 15.jpg */ = {isa = PBXFileReference; lastKnownFileType = image.jpeg; path = 15.jpg; sourceTree = "<group>"; };
		6E1CE2EE19B525A00085FF19 /* 16.jpg */ = {isa = PBXFileReference; lastKnownFileType = image.jpeg; path = 16.jpg; sourceTree = "<group>"; };
		6E1CE2EF19B525A00085FF19 /* 17.jpg */ = {isa = PBXFileReference; lastKnownFileType = image.jpeg; path = 17.jpg; sourceTree = "<group>"; };
		6E1CE2F019B525A00085FF19 /* 18.jpg */ = {isa = PBXFileReference; lastKnownFileType = image.jpeg; path = 18.jpg; sourceTree = "<group>"; };
		6E1CE2F119B525A00085FF19 /* 19.jpg */ = {isa = PBXFileReference; lastKnownFileType = image.jpeg; path = 19.jpg; sourceTree = "<group>"; };
		6E1CE2F219B525A00085FF19 /* 20.jpg */ = {isa = PBXFileReference; lastKnownFileType = image.jpeg; path = 20.jpg; sourceTree = "<group>"; };
		6E1CE30719B6ADED0085FF19 /* AnnotateViewController.swift */ = {isa = PBXFileReference; fileEncoding = 4; lastKnownFileType = sourcecode.swift; path = AnnotateViewController.swift; sourceTree = "<group>"; };
		6E1CE30919B83BCD0085FF19 /* Frame.swift */ = {isa = PBXFileReference; fileEncoding = 4; lastKnownFileType = sourcecode.swift; path = Frame.swift; sourceTree = "<group>"; };
		6E1CE30B19B83BCE0085FF19 /* FrameSet.swift */ = {isa = PBXFileReference; fileEncoding = 4; lastKnownFileType = sourcecode.swift; path = FrameSet.swift; sourceTree = "<group>"; };
		6E3A3B0E19AEE3B40023499C /* CollectionViewController.swift */ = {isa = PBXFileReference; fileEncoding = 4; lastKnownFileType = sourcecode.swift; path = CollectionViewController.swift; sourceTree = "<group>"; };
		6E7CB2C319DA2CB000C3CEB0 /* LXReorderableCollectionViewFlowLayout.h */ = {isa = PBXFileReference; fileEncoding = 4; lastKnownFileType = sourcecode.c.h; path = LXReorderableCollectionViewFlowLayout.h; sourceTree = "<group>"; };
		6E7CB2C419DA2CB000C3CEB0 /* LXReorderableCollectionViewFlowLayout.m */ = {isa = PBXFileReference; fileEncoding = 4; lastKnownFileType = sourcecode.c.objc; path = LXReorderableCollectionViewFlowLayout.m; sourceTree = "<group>"; };
		6EC03D7E19A66669006CB2E2 /* Spotter.app */ = {isa = PBXFileReference; explicitFileType = wrapper.application; includeInIndex = 0; path = Spotter.app; sourceTree = BUILT_PRODUCTS_DIR; };
		6EC03D8219A66669006CB2E2 /* Info.plist */ = {isa = PBXFileReference; lastKnownFileType = text.plist.xml; path = Info.plist; sourceTree = "<group>"; };
		6EC03D8319A66669006CB2E2 /* AppDelegate.swift */ = {isa = PBXFileReference; lastKnownFileType = sourcecode.swift; path = AppDelegate.swift; sourceTree = "<group>"; };
		6EC03D8619A66669006CB2E2 /* Spotter.xcdatamodel */ = {isa = PBXFileReference; lastKnownFileType = wrapper.xcdatamodel; path = Spotter.xcdatamodel; sourceTree = "<group>"; };
		6EC03D8819A66669006CB2E2 /* CaptureViewController.swift */ = {isa = PBXFileReference; lastKnownFileType = sourcecode.swift; path = CaptureViewController.swift; sourceTree = "<group>"; };
		6EC03D8B19A66669006CB2E2 /* Base */ = {isa = PBXFileReference; lastKnownFileType = file.storyboard; name = Base; path = Base.lproj/Main.storyboard; sourceTree = "<group>"; };
		6EC03D8D19A66669006CB2E2 /* Images.xcassets */ = {isa = PBXFileReference; lastKnownFileType = folder.assetcatalog; path = Images.xcassets; sourceTree = "<group>"; };
		6EC03D9319A6666A006CB2E2 /* SpotterTests.xctest */ = {isa = PBXFileReference; explicitFileType = wrapper.cfbundle; includeInIndex = 0; path = SpotterTests.xctest; sourceTree = BUILT_PRODUCTS_DIR; };
		6EC03D9819A6666A006CB2E2 /* Info.plist */ = {isa = PBXFileReference; lastKnownFileType = text.plist.xml; path = Info.plist; sourceTree = "<group>"; };
		6EC03D9919A6666A006CB2E2 /* SpotterTests.swift */ = {isa = PBXFileReference; lastKnownFileType = sourcecode.swift; path = SpotterTests.swift; sourceTree = "<group>"; };
		6EE0135019C2185A00152F7E /* PreviewViewController.swift */ = {isa = PBXFileReference; fileEncoding = 4; lastKnownFileType = sourcecode.swift; path = PreviewViewController.swift; sourceTree = "<group>"; };
		6EE0135219C27CF900152F7E /* PublishViewController.swift */ = {isa = PBXFileReference; fileEncoding = 4; lastKnownFileType = sourcecode.swift; path = PublishViewController.swift; sourceTree = "<group>"; };
		6EE0135419C52ED200152F7E /* DraggableImageView.swift */ = {isa = PBXFileReference; fileEncoding = 4; lastKnownFileType = sourcecode.swift; path = DraggableImageView.swift; sourceTree = "<group>"; };
		6EE0135619C6407700152F7E /* CaptureSessionManager.swift */ = {isa = PBXFileReference; fileEncoding = 4; lastKnownFileType = sourcecode.swift; path = CaptureSessionManager.swift; sourceTree = "<group>"; };
		6EE0135819C64BD000152F7E /* AVFoundation.framework */ = {isa = PBXFileReference; lastKnownFileType = wrapper.framework; name = AVFoundation.framework; path = System/Library/Frameworks/AVFoundation.framework; sourceTree = SDKROOT; };
		6EE0135F19C82D3600152F7E /* SimpleTableViewCell.swift */ = {isa = PBXFileReference; fileEncoding = 4; lastKnownFileType = sourcecode.swift; path = SimpleTableViewCell.swift; sourceTree = "<group>"; };
/* End PBXFileReference section */

/* Begin PBXFrameworksBuildPhase section */
		6EC03D7B19A66669006CB2E2 /* Frameworks */ = {
			isa = PBXFrameworksBuildPhase;
			buildActionMask = 2147483647;
			files = (
				6EE0135919C64BD000152F7E /* AVFoundation.framework in Frameworks */,
			);
			runOnlyForDeploymentPostprocessing = 0;
		};
		6EC03D9019A6666A006CB2E2 /* Frameworks */ = {
			isa = PBXFrameworksBuildPhase;
			buildActionMask = 2147483647;
			files = (
			);
			runOnlyForDeploymentPostprocessing = 0;
		};
/* End PBXFrameworksBuildPhase section */

/* Begin PBXGroup section */
		6E1CE2CF19B511910085FF19 /* CollectionView */ = {
			isa = PBXGroup;
			children = (
				6E1CE2D819B516E80085FF19 /* RACollectionViewReorderableTripletLayout.h */,
				6E1CE2D919B516E80085FF19 /* RACollectionViewReorderableTripletLayout.m */,
				6E1CE2DA19B516E80085FF19 /* RACollectionViewTripletLayout.h */,
				6E1CE2DB19B516E80085FF19 /* RACollectionViewTripletLayout.m */,
			);
			name = CollectionView;
			sourceTree = "<group>";
		};
		6E1CE2D019B511B10085FF19 /* Controllers */ = {
			isa = PBXGroup;
			children = (
				6E3A3B0E19AEE3B40023499C /* CollectionViewController.swift */,
				6EC03D8819A66669006CB2E2 /* CaptureViewController.swift */,
				6E1CE30719B6ADED0085FF19 /* AnnotateViewController.swift */,
				6EE0135019C2185A00152F7E /* PreviewViewController.swift */,
				6EE0135219C27CF900152F7E /* PublishViewController.swift */,
				6EE0135619C6407700152F7E /* CaptureSessionManager.swift */,
			);
			name = Controllers;
			sourceTree = "<group>";
		};
		6E1CE2D119B511E40085FF19 /* Custom Views */ = {
			isa = PBXGroup;
			children = (
				6E1CE2CB19B428210085FF19 /* ImageCollectionViewCell.swift */,
				6EE0135419C52ED200152F7E /* DraggableImageView.swift */,
				6EE0135F19C82D3600152F7E /* SimpleTableViewCell.swift */,
			);
			name = "Custom Views";
			sourceTree = "<group>";
		};
		6E1CE2DE19B525730085FF19 /* photos */ = {
			isa = PBXGroup;
			children = (
				6E1CE2DF19B525A00085FF19 /* 1.jpg */,
				6E1CE2E019B525A00085FF19 /* 2.jpg */,
				6E1CE2E119B525A00085FF19 /* 3.jpg */,
				6E1CE2E219B525A00085FF19 /* 4.jpg */,
				6E1CE2E319B525A00085FF19 /* 5.jpg */,
				6E1CE2E419B525A00085FF19 /* 6.jpg */,
				6E1CE2E519B525A00085FF19 /* 7.jpg */,
				6E1CE2E619B525A00085FF19 /* 8.jpg */,
				6E1CE2E719B525A00085FF19 /* 9.jpg */,
				6E1CE2E819B525A00085FF19 /* 10.jpg */,
				6E1CE2E919B525A00085FF19 /* 11.jpg */,
				6E1CE2EA19B525A00085FF19 /* 12.jpg */,
				6E1CE2EB19B525A00085FF19 /* 13.jpg */,
				6E1CE2EC19B525A00085FF19 /* 14.jpg */,
				6E1CE2ED19B525A00085FF19 /* 15.jpg */,
				6E1CE2EE19B525A00085FF19 /* 16.jpg */,
				6E1CE2EF19B525A00085FF19 /* 17.jpg */,
				6E1CE2F019B525A00085FF19 /* 18.jpg */,
				6E1CE2F119B525A00085FF19 /* 19.jpg */,
				6E1CE2F219B525A00085FF19 /* 20.jpg */,
			);
			name = photos;
			sourceTree = "<group>";
		};
		6E1CE30D19B83CA30085FF19 /* Models */ = {
			isa = PBXGroup;
			children = (
				6E1CE30B19B83BCE0085FF19 /* FrameSet.swift */,
				6E1CE30919B83BCD0085FF19 /* Frame.swift */,
				6EC03D8519A66669006CB2E2 /* Spotter.xcdatamodeld */,
			);
			name = Models;
			sourceTree = "<group>";
		};
		6E7CB2C219DA2CB000C3CEB0 /* LXReorderableCollectionViewFlowLayout */ = {
			isa = PBXGroup;
			children = (
				6E7CB2C319DA2CB000C3CEB0 /* LXReorderableCollectionViewFlowLayout.h */,
				6E7CB2C419DA2CB000C3CEB0 /* LXReorderableCollectionViewFlowLayout.m */,
			);
			path = LXReorderableCollectionViewFlowLayout;
			sourceTree = "<group>";
		};
		6EC03D7519A66669006CB2E2 = {
			isa = PBXGroup;
			children = (
				6EE0135A19C64BE300152F7E /* Frameworks */,
				6EC03D8019A66669006CB2E2 /* Spotter */,
				6EC03D9619A6666A006CB2E2 /* SpotterTests */,
				6EC03D7F19A66669006CB2E2 /* Products */,
			);
			sourceTree = "<group>";
		};
		6EC03D7F19A66669006CB2E2 /* Products */ = {
			isa = PBXGroup;
			children = (
				6EC03D7E19A66669006CB2E2 /* Spotter.app */,
				6EC03D9319A6666A006CB2E2 /* SpotterTests.xctest */,
			);
			name = Products;
			sourceTree = "<group>";
		};
		6EC03D8019A66669006CB2E2 /* Spotter */ = {
			isa = PBXGroup;
			children = (
				6E7CB2C219DA2CB000C3CEB0 /* LXReorderableCollectionViewFlowLayout */,
				6E1CE30D19B83CA30085FF19 /* Models */,
				6E1CE2DE19B525730085FF19 /* photos */,
				6E1CE2CF19B511910085FF19 /* CollectionView */,
				6E1CE2D119B511E40085FF19 /* Custom Views */,
				6E1CE2D019B511B10085FF19 /* Controllers */,
				6E1CE2D419B516230085FF19 /* Spotter-Bridging-Header.h */,
				6EC03D8319A66669006CB2E2 /* AppDelegate.swift */,
				6EC03D8A19A66669006CB2E2 /* Main.storyboard */,
				6EC03D8D19A66669006CB2E2 /* Images.xcassets */,
				6EC03D8119A66669006CB2E2 /* Supporting Files */,
			);
			path = Spotter;
			sourceTree = "<group>";
		};
		6EC03D8119A66669006CB2E2 /* Supporting Files */ = {
			isa = PBXGroup;
			children = (
				6EC03D8219A66669006CB2E2 /* Info.plist */,
			);
			name = "Supporting Files";
			sourceTree = "<group>";
		};
		6EC03D9619A6666A006CB2E2 /* SpotterTests */ = {
			isa = PBXGroup;
			children = (
				6EC03D9919A6666A006CB2E2 /* SpotterTests.swift */,
				6EC03D9719A6666A006CB2E2 /* Supporting Files */,
			);
			path = SpotterTests;
			sourceTree = "<group>";
		};
		6EC03D9719A6666A006CB2E2 /* Supporting Files */ = {
			isa = PBXGroup;
			children = (
				6EC03D9819A6666A006CB2E2 /* Info.plist */,
			);
			name = "Supporting Files";
			sourceTree = "<group>";
		};
		6EE0135A19C64BE300152F7E /* Frameworks */ = {
			isa = PBXGroup;
			children = (
				6EE0135819C64BD000152F7E /* AVFoundation.framework */,
			);
			name = Frameworks;
			sourceTree = "<group>";
		};
/* End PBXGroup section */

/* Begin PBXNativeTarget section */
		6EC03D7D19A66669006CB2E2 /* Spotter */ = {
			isa = PBXNativeTarget;
			buildConfigurationList = 6EC03D9D19A6666A006CB2E2 /* Build configuration list for PBXNativeTarget "Spotter" */;
			buildPhases = (
				6EC03D7A19A66669006CB2E2 /* Sources */,
				6EC03D7B19A66669006CB2E2 /* Frameworks */,
				6EC03D7C19A66669006CB2E2 /* Resources */,
			);
			buildRules = (
			);
			dependencies = (
			);
			name = Spotter;
			productName = Spotter;
			productReference = 6EC03D7E19A66669006CB2E2 /* Spotter.app */;
			productType = "com.apple.product-type.application";
		};
		6EC03D9219A6666A006CB2E2 /* SpotterTests */ = {
			isa = PBXNativeTarget;
			buildConfigurationList = 6EC03DA019A6666A006CB2E2 /* Build configuration list for PBXNativeTarget "SpotterTests" */;
			buildPhases = (
				6EC03D8F19A6666A006CB2E2 /* Sources */,
				6EC03D9019A6666A006CB2E2 /* Frameworks */,
				6EC03D9119A6666A006CB2E2 /* Resources */,
			);
			buildRules = (
			);
			dependencies = (
				6EC03D9519A6666A006CB2E2 /* PBXTargetDependency */,
			);
			name = SpotterTests;
			productName = SpotterTests;
			productReference = 6EC03D9319A6666A006CB2E2 /* SpotterTests.xctest */;
			productType = "com.apple.product-type.bundle.unit-test";
		};
/* End PBXNativeTarget section */

/* Begin PBXProject section */
		6EC03D7619A66669006CB2E2 /* Project object */ = {
			isa = PBXProject;
			attributes = {
				LastUpgradeCheck = 0600;
				ORGANIZATIONNAME = "Bleu Bee LLC";
				TargetAttributes = {
					6EC03D7D19A66669006CB2E2 = {
						CreatedOnToolsVersion = 6.0;
					};
					6EC03D9219A6666A006CB2E2 = {
						CreatedOnToolsVersion = 6.0;
						TestTargetID = 6EC03D7D19A66669006CB2E2;
					};
				};
			};
			buildConfigurationList = 6EC03D7919A66669006CB2E2 /* Build configuration list for PBXProject "Spotter" */;
			compatibilityVersion = "Xcode 3.2";
			developmentRegion = English;
			hasScannedForEncodings = 0;
			knownRegions = (
				en,
				Base,
			);
			mainGroup = 6EC03D7519A66669006CB2E2;
			productRefGroup = 6EC03D7F19A66669006CB2E2 /* Products */;
			projectDirPath = "";
			projectRoot = "";
			targets = (
				6EC03D7D19A66669006CB2E2 /* Spotter */,
				6EC03D9219A6666A006CB2E2 /* SpotterTests */,
			);
		};
/* End PBXProject section */

/* Begin PBXResourcesBuildPhase section */
		6EC03D7C19A66669006CB2E2 /* Resources */ = {
			isa = PBXResourcesBuildPhase;
			buildActionMask = 2147483647;
			files = (
				6E1CE30219B525A00085FF19 /* 16.jpg in Resources */,
				6E1CE30019B525A00085FF19 /* 14.jpg in Resources */,
				6E1CE2FD19B525A00085FF19 /* 11.jpg in Resources */,
				6E1CE2FB19B525A00085FF19 /* 9.jpg in Resources */,
				6E1CE2FA19B525A00085FF19 /* 8.jpg in Resources */,
				6E1CE2F919B525A00085FF19 /* 7.jpg in Resources */,
				6E1CE2F619B525A00085FF19 /* 4.jpg in Resources */,
				6E1CE30119B525A00085FF19 /* 15.jpg in Resources */,
				6E1CE2FF19B525A00085FF19 /* 13.jpg in Resources */,
				6E1CE2F419B525A00085FF19 /* 2.jpg in Resources */,
				6E1CE30519B525A00085FF19 /* 19.jpg in Resources */,
				6E1CE2F719B525A00085FF19 /* 5.jpg in Resources */,
				6E1CE30419B525A00085FF19 /* 18.jpg in Resources */,
				6E1CE2FE19B525A00085FF19 /* 12.jpg in Resources */,
				6E1CE2F819B525A00085FF19 /* 6.jpg in Resources */,
				6E1CE2FC19B525A00085FF19 /* 10.jpg in Resources */,
				6E1CE30319B525A00085FF19 /* 17.jpg in Resources */,
				6EC03D8C19A66669006CB2E2 /* Main.storyboard in Resources */,
				6EC03D8E19A66669006CB2E2 /* Images.xcassets in Resources */,
				6E1CE2F519B525A00085FF19 /* 3.jpg in Resources */,
				6E1CE2F319B525A00085FF19 /* 1.jpg in Resources */,
				6E1CE30619B525A00085FF19 /* 20.jpg in Resources */,
			);
			runOnlyForDeploymentPostprocessing = 0;
		};
		6EC03D9119A6666A006CB2E2 /* Resources */ = {
			isa = PBXResourcesBuildPhase;
			buildActionMask = 2147483647;
			files = (
			);
			runOnlyForDeploymentPostprocessing = 0;
		};
/* End PBXResourcesBuildPhase section */

/* Begin PBXSourcesBuildPhase section */
		6EC03D7A19A66669006CB2E2 /* Sources */ = {
			isa = PBXSourcesBuildPhase;
			buildActionMask = 2147483647;
			files = (
				6E1CE30A19B83BCD0085FF19 /* Frame.swift in Sources */,
				6E1CE30819B6ADED0085FF19 /* AnnotateViewController.swift in Sources */,
				6E3A3B0F19AEE3B40023499C /* CollectionViewController.swift in Sources */,
				6EE0136119C82D3600152F7E /* SimpleTableViewCell.swift in Sources */,
				6E1CE2CD19B428210085FF19 /* ImageCollectionViewCell.swift in Sources */,
				6EE0135119C2185A00152F7E /* PreviewViewController.swift in Sources */,
				6E1CE30C19B83BCE0085FF19 /* FrameSet.swift in Sources */,
				6E1CE2DC19B516E80085FF19 /* RACollectionViewReorderableTripletLayout.m in Sources */,
				6EC03D8919A66669006CB2E2 /* CaptureViewController.swift in Sources */,
				6EE0135319C27CF900152F7E /* PublishViewController.swift in Sources */,
				6E7CB2C519DA2CB000C3CEB0 /* LXReorderableCollectionViewFlowLayout.m in Sources */,
				6EC03D8419A66669006CB2E2 /* AppDelegate.swift in Sources */,
				6E1CE2DD19B516E80085FF19 /* RACollectionViewTripletLayout.m in Sources */,
				6EC03D8719A66669006CB2E2 /* Spotter.xcdatamodeld in Sources */,
				6EE0135519C52ED200152F7E /* DraggableImageView.swift in Sources */,
				6EE0135719C6407700152F7E /* CaptureSessionManager.swift in Sources */,
			);
			runOnlyForDeploymentPostprocessing = 0;
		};
		6EC03D8F19A6666A006CB2E2 /* Sources */ = {
			isa = PBXSourcesBuildPhase;
			buildActionMask = 2147483647;
			files = (
				6EC03D9A19A6666A006CB2E2 /* SpotterTests.swift in Sources */,
			);
			runOnlyForDeploymentPostprocessing = 0;
		};
/* End PBXSourcesBuildPhase section */

/* Begin PBXTargetDependency section */
		6EC03D9519A6666A006CB2E2 /* PBXTargetDependency */ = {
			isa = PBXTargetDependency;
			target = 6EC03D7D19A66669006CB2E2 /* Spotter */;
			targetProxy = 6EC03D9419A6666A006CB2E2 /* PBXContainerItemProxy */;
		};
/* End PBXTargetDependency section */

/* Begin PBXVariantGroup section */
		6EC03D8A19A66669006CB2E2 /* Main.storyboard */ = {
			isa = PBXVariantGroup;
			children = (
				6EC03D8B19A66669006CB2E2 /* Base */,
			);
			name = Main.storyboard;
			sourceTree = "<group>";
		};
/* End PBXVariantGroup section */

/* Begin XCBuildConfiguration section */
		6EC03D9B19A6666A006CB2E2 /* Debug */ = {
			isa = XCBuildConfiguration;
			buildSettings = {
				ALWAYS_SEARCH_USER_PATHS = NO;
				CLANG_CXX_LANGUAGE_STANDARD = "gnu++0x";
				CLANG_CXX_LIBRARY = "libc++";
				CLANG_ENABLE_MODULES = YES;
				CLANG_ENABLE_OBJC_ARC = YES;
				CLANG_WARN_BOOL_CONVERSION = YES;
				CLANG_WARN_CONSTANT_CONVERSION = YES;
				CLANG_WARN_DIRECT_OBJC_ISA_USAGE = YES_ERROR;
				CLANG_WARN_EMPTY_BODY = YES;
				CLANG_WARN_ENUM_CONVERSION = YES;
				CLANG_WARN_INT_CONVERSION = YES;
				CLANG_WARN_OBJC_ROOT_CLASS = YES_ERROR;
				CLANG_WARN_UNREACHABLE_CODE = YES;
				CLANG_WARN__DUPLICATE_METHOD_MATCH = YES;
				"CODE_SIGN_IDENTITY[sdk=iphoneos*]" = "iPhone Developer";
				COPY_PHASE_STRIP = NO;
				ENABLE_STRICT_OBJC_MSGSEND = YES;
				GCC_C_LANGUAGE_STANDARD = gnu99;
				GCC_DYNAMIC_NO_PIC = NO;
				GCC_OPTIMIZATION_LEVEL = 0;
				GCC_PREPROCESSOR_DEFINITIONS = (
					"DEBUG=1",
					"$(inherited)",
				);
				GCC_SYMBOLS_PRIVATE_EXTERN = NO;
				GCC_WARN_64_TO_32_BIT_CONVERSION = YES;
				GCC_WARN_ABOUT_RETURN_TYPE = YES_ERROR;
				GCC_WARN_UNDECLARED_SELECTOR = YES;
				GCC_WARN_UNINITIALIZED_AUTOS = YES_AGGRESSIVE;
				GCC_WARN_UNUSED_FUNCTION = YES;
				GCC_WARN_UNUSED_VARIABLE = YES;
				IPHONEOS_DEPLOYMENT_TARGET = 8.0;
				MTL_ENABLE_DEBUG_INFO = YES;
				ONLY_ACTIVE_ARCH = YES;
				SDKROOT = iphoneos;
				SWIFT_OPTIMIZATION_LEVEL = "-Onone";
			};
			name = Debug;
		};
		6EC03D9C19A6666A006CB2E2 /* Release */ = {
			isa = XCBuildConfiguration;
			buildSettings = {
				ALWAYS_SEARCH_USER_PATHS = NO;
				CLANG_CXX_LANGUAGE_STANDARD = "gnu++0x";
				CLANG_CXX_LIBRARY = "libc++";
				CLANG_ENABLE_MODULES = YES;
				CLANG_ENABLE_OBJC_ARC = YES;
				CLANG_WARN_BOOL_CONVERSION = YES;
				CLANG_WARN_CONSTANT_CONVERSION = YES;
				CLANG_WARN_DIRECT_OBJC_ISA_USAGE = YES_ERROR;
				CLANG_WARN_EMPTY_BODY = YES;
				CLANG_WARN_ENUM_CONVERSION = YES;
				CLANG_WARN_INT_CONVERSION = YES;
				CLANG_WARN_OBJC_ROOT_CLASS = YES_ERROR;
				CLANG_WARN_UNREACHABLE_CODE = YES;
				CLANG_WARN__DUPLICATE_METHOD_MATCH = YES;
				"CODE_SIGN_IDENTITY[sdk=iphoneos*]" = "iPhone Developer";
				COPY_PHASE_STRIP = YES;
				ENABLE_NS_ASSERTIONS = NO;
				ENABLE_STRICT_OBJC_MSGSEND = YES;
				GCC_C_LANGUAGE_STANDARD = gnu99;
				GCC_WARN_64_TO_32_BIT_CONVERSION = YES;
				GCC_WARN_ABOUT_RETURN_TYPE = YES_ERROR;
				GCC_WARN_UNDECLARED_SELECTOR = YES;
				GCC_WARN_UNINITIALIZED_AUTOS = YES_AGGRESSIVE;
				GCC_WARN_UNUSED_FUNCTION = YES;
				GCC_WARN_UNUSED_VARIABLE = YES;
				IPHONEOS_DEPLOYMENT_TARGET = 8.0;
				MTL_ENABLE_DEBUG_INFO = NO;
				SDKROOT = iphoneos;
				VALIDATE_PRODUCT = YES;
			};
			name = Release;
		};
		6EC03D9E19A6666A006CB2E2 /* Debug */ = {
			isa = XCBuildConfiguration;
			buildSettings = {
				ASSETCATALOG_COMPILER_APPICON_NAME = AppIcon;
				ASSETCATALOG_COMPILER_LAUNCHIMAGE_NAME = LaunchImage;
				CLANG_ENABLE_MODULES = YES;
				INFOPLIST_FILE = Spotter/Info.plist;
				LD_RUNPATH_SEARCH_PATHS = "$(inherited) @executable_path/Frameworks";
				PRODUCT_NAME = "$(TARGET_NAME)";
				SWIFT_OBJC_BRIDGING_HEADER = "Spotter/Spotter-Bridging-Header.h";
				SWIFT_OPTIMIZATION_LEVEL = "-Onone";
			};
			name = Debug;
		};
		6EC03D9F19A6666A006CB2E2 /* Release */ = {
			isa = XCBuildConfiguration;
			buildSettings = {
				ASSETCATALOG_COMPILER_APPICON_NAME = AppIcon;
				ASSETCATALOG_COMPILER_LAUNCHIMAGE_NAME = LaunchImage;
				CLANG_ENABLE_MODULES = YES;
				INFOPLIST_FILE = Spotter/Info.plist;
				LD_RUNPATH_SEARCH_PATHS = "$(inherited) @executable_path/Frameworks";
				PRODUCT_NAME = "$(TARGET_NAME)";
				SWIFT_OBJC_BRIDGING_HEADER = "Spotter/Spotter-Bridging-Header.h";
			};
			name = Release;
		};
		6EC03DA119A6666A006CB2E2 /* Debug */ = {
			isa = XCBuildConfiguration;
			buildSettings = {
				BUNDLE_LOADER = "$(TEST_HOST)";
				FRAMEWORK_SEARCH_PATHS = (
					"$(SDKROOT)/Developer/Library/Frameworks",
					"$(inherited)",
				);
				GCC_PREPROCESSOR_DEFINITIONS = (
					"DEBUG=1",
					"$(inherited)",
				);
				INFOPLIST_FILE = SpotterTests/Info.plist;
				LD_RUNPATH_SEARCH_PATHS = "$(inherited) @executable_path/Frameworks @loader_path/Frameworks";
				PRODUCT_NAME = "$(TARGET_NAME)";
				TEST_HOST = "$(BUILT_PRODUCTS_DIR)/Spotter.app/Spotter";
			};
			name = Debug;
		};
		6EC03DA219A6666A006CB2E2 /* Release */ = {
			isa = XCBuildConfiguration;
			buildSettings = {
				BUNDLE_LOADER = "$(TEST_HOST)";
				FRAMEWORK_SEARCH_PATHS = (
					"$(SDKROOT)/Developer/Library/Frameworks",
					"$(inherited)",
				);
				INFOPLIST_FILE = SpotterTests/Info.plist;
				LD_RUNPATH_SEARCH_PATHS = "$(inherited) @executable_path/Frameworks @loader_path/Frameworks";
				PRODUCT_NAME = "$(TARGET_NAME)";
				TEST_HOST = "$(BUILT_PRODUCTS_DIR)/Spotter.app/Spotter";
			};
			name = Release;
		};
/* End XCBuildConfiguration section */

/* Begin XCConfigurationList section */
		6EC03D7919A66669006CB2E2 /* Build configuration list for PBXProject "Spotter" */ = {
			isa = XCConfigurationList;
			buildConfigurations = (
				6EC03D9B19A6666A006CB2E2 /* Debug */,
				6EC03D9C19A6666A006CB2E2 /* Release */,
			);
			defaultConfigurationIsVisible = 0;
			defaultConfigurationName = Release;
		};
		6EC03D9D19A6666A006CB2E2 /* Build configuration list for PBXNativeTarget "Spotter" */ = {
			isa = XCConfigurationList;
			buildConfigurations = (
				6EC03D9E19A6666A006CB2E2 /* Debug */,
				6EC03D9F19A6666A006CB2E2 /* Release */,
			);
			defaultConfigurationIsVisible = 0;
			defaultConfigurationName = Release;
		};
		6EC03DA019A6666A006CB2E2 /* Build configuration list for PBXNativeTarget "SpotterTests" */ = {
			isa = XCConfigurationList;
			buildConfigurations = (
				6EC03DA119A6666A006CB2E2 /* Debug */,
				6EC03DA219A6666A006CB2E2 /* Release */,
			);
			defaultConfigurationIsVisible = 0;
			defaultConfigurationName = Release;
		};
/* End XCConfigurationList section */

/* Begin XCVersionGroup section */
		6EC03D8519A66669006CB2E2 /* Spotter.xcdatamodeld */ = {
			isa = XCVersionGroup;
			children = (
				6EC03D8619A66669006CB2E2 /* Spotter.xcdatamodel */,
			);
			currentVersion = 6EC03D8619A66669006CB2E2 /* Spotter.xcdatamodel */;
			path = Spotter.xcdatamodeld;
			sourceTree = "<group>";
			versionGroupType = wrapper.xcdatamodel;
		};
/* End XCVersionGroup section */
	};
	rootObject = 6EC03D7619A66669006CB2E2 /* Project object */;
}
